{
  "name": "pi-files",
  "lockfileVersion": 3,
  "requires": true,
  "packages": {
    "": {
      "dependencies": {
        "typebox": "^1.2.18"
      }
    },
    "node_modules/typebox": {
      "version": "1.2.18",
      "resolved": "https://registry.npmjs.org/typebox/-/typebox-1.2.18.tgz",
      "integrity": "sha512-f4MtqlWxawJjxsuT1onX3F/5fas45PXQFQ1jRDTRia2IpBirlj/Xs9PvSAsw9Mz3DADIDU1mXbzfJWSg21JbRg==",
      "license": "MIT"
    }
  }
}
